// !$*UTF8*$!
{
	archiveVersion = 1;
	classes = {
	};
	objectVersion = 46;
	objects = {

/* Begin PBXBuildFile section */
		73B7FA65199F100F0065C353 /* main.cpp in Sources */ = {isa = PBXBuildFile; fileRef = 73B7FA64199F100F0065C353 /* main.cpp */; };
		73B7FA67199F100F0065C353 /* FirstMySQL.1 in CopyFiles */ = {isa = PBXBuildFile; fileRef = 73B7FA66199F100F0065C353 /* FirstMySQL.1 */; };
/* End PBXBuildFile section */

/* Begin PBXCopyFilesBuildPhase section */
		73B7FA5F199F100F0065C353 /* CopyFiles */ = {
			isa = PBXCopyFilesBuildPhase;
			buildActionMask = 2147483647;
			dstPath = /usr/share/man/man1/;
			dstSubfolderSpec = 0;
			files = (
				73B7FA67199F100F0065C353 /* FirstMySQL.1 in CopyFiles */,
			);
			runOnlyForDeploymentPostprocessing = 1;
		};
/* End PBXCopyFilesBuildPhase section */

/* Begin PBXFileReference section */
		73B7FA61199F100F0065C353 /* FirstMySQL */ = {isa = PBXFileReference; explicitFileType = "compiled.mach-o.executable"; includeInIndex = 0; path = FirstMySQL; sourceTree = BUILT_PRODUCTS_DIR; };
		73B7FA64199F100F0065C353 /* main.cpp */ = {isa = PBXFileReference; lastKnownFileType = sourcecode.cpp.cpp; path = main.cpp; sourceTree = "<group>"; };
		73B7FA66199F100F0065C353 /* FirstMySQL.1 */ = {isa = PBXFileReference; lastKnownFileType = text.man; path = FirstMySQL.1; sourceTree = "<group>"; };
/* End PBXFileReference section */

/* Begin PBXFrameworksBuildPhase section */
		73B7FA5E199F100F0065C353 /* Frameworks */ = {
			isa = PBXFrameworksBuildPhase;
			buildActionMask = 2147483647;
			files = (
			);
			runOnlyForDeploymentPostprocessing = 0;
		};
/* End PBXFrameworksBuildPhase section */

/* Begin PBXGroup section */
		73B7FA58199F100F0065C353 = {
			isa = PBXGroup;
			children = (
				73B7FA63199F100F0065C353 /* FirstMySQL */,
				73B7FA62199F100F0065C353 /* Products */,
			);
			sourceTree = "<group>";
		};
		73B7FA62199F100F0065C353 /* Products */ = {
			isa = PBXGroup;
			children = (
				73B7FA61199F100F0065C353 /* FirstMySQL */,
			);
			name = Products;
			sourceTree = "<group>";
		};
		73B7FA63199F100F0065C353 /* FirstMySQL */ = {
			isa = PBXGroup;
			children = (
				73B7FA64199F100F0065C353 /* main.cpp */,
				73B7FA66199F100F0065C353 /* FirstMySQL.1 */,
			);
			path = FirstMySQL;
			sourceTree = "<group>";
		};
/* End PBXGroup section */

/* Begin PBXNativeTarget section */
		73B7FA60199F100F0065C353 /* FirstMySQL */ = {
			isa = PBXNativeTarget;
			buildConfigurationList = 73B7FA6A199F100F0065C353 /* Build configuration list for PBXNativeTarget "FirstMySQL" */;
			buildPhases = (
				73B7FA5D199F100F0065C353 /* Sources */,
				73B7FA5E199F100F0065C353 /* Frameworks */,
				73B7FA5F199F100F0065C353 /* CopyFiles */,
			);
			buildRules = (
			);
			dependencies = (
			);
			name = FirstMySQL;
			productName = FirstMySQL;
			productReference = 73B7FA61199F100F0065C353 /* FirstMySQL */;
			productType = "com.apple.product-type.tool";
		};
/* End PBXNativeTarget section */

/* Begin PBXProject section */
		73B7FA59199F100F0065C353 /* Project object */ = {
			isa = PBXProject;
			attributes = {
				LastUpgradeCheck = 0510;
				ORGANIZATIONNAME = "Allen Sarkisyan";
			};
			buildConfigurationList = 73B7FA5C199F100F0065C353 /* Build configuration list for PBXProject "FirstMySQL" */;
			compatibilityVersion = "Xcode 3.2";
			developmentRegion = English;
			hasScannedForEncodings = 0;
			knownRegions = (
				en,
			);
			mainGroup = 73B7FA58199F100F0065C353;
			productRefGroup = 73B7FA62199F100F0065C353 /* Products */;
			projectDirPath = "";
			projectRoot = "";
			targets = (
				73B7FA60199F100F0065C353 /* FirstMySQL */,
			);
		};
/* End PBXProject section */

/* Begin PBXSourcesBuildPhase section */
		73B7FA5D199F100F0065C353 /* Sources */ = {
			isa = PBXSourcesBuildPhase;
			buildActionMask = 2147483647;
			files = (
				73B7FA65199F100F0065C353 /* main.cpp in Sources */,
			);
			runOnlyForDeploymentPostprocessing = 0;
		};
/* End PBXSourcesBuildPhase section */

/* Begin XCBuildConfiguration section */
		73B7FA68199F100F0065C353 /* Debug */ = {
			isa = XCBuildConfiguration;
			buildSettings = {
				ALWAYS_SEARCH_USER_PATHS = NO;
				CLANG_CXX_LANGUAGE_STANDARD = "gnu++0x";
				CLANG_CXX_LIBRARY = "libc++";
				CLANG_ENABLE_MODULES = YES;
				CLANG_ENABLE_OBJC_ARC = YES;
				CLANG_WARN_BOOL_CONVERSION = YES;
				CLANG_WARN_CONSTANT_CONVERSION = YES;
				CLANG_WARN_DIRECT_OBJC_ISA_USAGE = YES_ERROR;
				CLANG_WARN_EMPTY_BODY = YES;
				CLANG_WARN_ENUM_CONVERSION = YES;
				CLANG_WARN_INT_CONVERSION = YES;
				CLANG_WARN_OBJC_ROOT_CLASS = YES_ERROR;
				CLANG_WARN__DUPLICATE_METHOD_MATCH = YES;
				COPY_PHASE_STRIP = NO;
				GCC_C_LANGUAGE_STANDARD = gnu99;
				GCC_DYNAMIC_NO_PIC = NO;
				GCC_ENABLE_OBJC_EXCEPTIONS = YES;
				GCC_OPTIMIZATION_LEVEL = 0;
				GCC_PREPROCESSOR_DEFINITIONS = (
					"DEBUG=1",
					"$(inherited)",
				);
				GCC_SYMBOLS_PRIVATE_EXTERN = NO;
				GCC_WARN_64_TO_32_BIT_CONVERSION = YES;
				GCC_WARN_ABOUT_RETURN_TYPE = YES_ERROR;
				GCC_WARN_UNDECLARED_SELECTOR = YES;
				GCC_WARN_UNINITIALIZED_AUTOS = YES_AGGRESSIVE;
				GCC_WARN_UNUSED_FUNCTION = YES;
				GCC_WARN_UNUSED_VARIABLE = YES;
				MACOSX_DEPLOYMENT_TARGET = 10.9;
				ONLY_ACTIVE_ARCH = YES;
				SDKROOT = macosx;
			};
			name = Debug;
		};
		73B7FA69199F100F0065C353 /* Release */ = {
			isa = XCBuildConfiguration;
			buildSettings = {
				ALWAYS_SEARCH_USER_PATHS = NO;
				CLANG_CXX_LANGUAGE_STANDARD = "gnu++0x";
				CLANG_CXX_LIBRARY = "libc++";
				CLANG_ENABLE_MODULES = YES;
				CLANG_ENABLE_OBJC_ARC = YES;
				CLANG_WARN_BOOL_CONVERSION = YES;
				CLANG_WARN_CONSTANT_CONVERSION = YES;
				CLANG_WARN_DIRECT_OBJC_ISA_USAGE = YES_ERROR;
				CLANG_WARN_EMPTY_BODY = YES;
				CLANG_WARN_ENUM_CONVERSION = YES;
				CLANG_WARN_INT_CONVERSION = YES;
				CLANG_WARN_OBJC_ROOT_CLASS = YES_ERROR;
				CLANG_WARN__DUPLICATE_METHOD_MATCH = YES;
				COPY_PHASE_STRIP = YES;
				DEBUG_INFORMATION_FORMAT = "dwarf-with-dsym";
				ENABLE_NS_ASSERTIONS = NO;
				GCC_C_LANGUAGE_STANDARD = gnu99;
				GCC_ENABLE_OBJC_EXCEPTIONS = YES;
				GCC_WARN_64_TO_32_BIT_CONVERSION = YES;
				GCC_WARN_ABOUT_RETURN_TYPE = YES_ERROR;
				GCC_WARN_UNDECLARED_SELECTOR = YES;
				GCC_WARN_UNINITIALIZED_AUTOS = YES_AGGRESSIVE;
				GCC_WARN_UNUSED_FUNCTION = YES;
				GCC_WARN_UNUSED_VARIABLE = YES;
				MACOSX_DEPLOYMENT_TARGET = 10.9;
				SDKROOT = macosx;
			};
			name = Release;
		};
		73B7FA6B199F100F0065C353 /* Debug */ = {
			isa = XCBuildConfiguration;
			buildSettings = {
				PRODUCT_NAME = "$(TARGET_NAME)";
			};
			name = Debug;
		};
		73B7FA6C199F100F0065C353 /* Release */ = {
			isa = XCBuildConfiguration;
			buildSettings = {
				PRODUCT_NAME = "$(TARGET_NAME)";
			};
			name = Release;
		};
/* End XCBuildConfiguration section */

/* Begin XCConfigurationList section */
		73B7FA5C199F100F0065C353 /* Build configuration list for PBXProject "FirstMySQL" */ = {
			isa = XCConfigurationList;
			buildConfigurations = (
				73B7FA68199F100F0065C353 /* Debug */,
				73B7FA69199F100F0065C353 /* Release */,
			);
			defaultConfigurationIsVisible = 0;
			defaultConfigurationName = Release;
		};
		73B7FA6A199F100F0065C353 /* Build configuration list for PBXNativeTarget "FirstMySQL" */ = {
			isa = XCConfigurationList;
			buildConfigurations = (
				73B7FA6B199F100F0065C353 /* Debug */,
				73B7FA6C199F100F0065C353 /* Release */,
			);
			defaultConfigurationIsVisible = 0;
		};
/* End XCConfigurationList section */
	};
	rootObject = 73B7FA59199F100F0065C353 /* Project object */;
}
